PODS:
  - Flutter (1.0.0)
  - link_handler (0.0.1):
    - Flutter

DEPENDENCIES:
  - Flutter (from `.symlinks/flutter/ios`)
  - link_handler (from `.symlinks/plugins/link_handler/ios`)

EXTERNAL SOURCES:
  Flutter:
    :path: ".symlinks/flutter/ios"
  link_handler:
    :path: ".symlinks/plugins/link_handler/ios"

SPEC CHECKSUMS:
  Flutter: 9d0fac939486c9aba2809b7982dfdbb47a7b0296
  link_handler: 79a6f5914492476d4ed570160fd01196ca71396d

PODFILE CHECKSUM: aff02bfeed411c636180d6812254b2daeea14d09

COCOAPODS: 1.5.3
